
Microsoft Visual Studio Solution File, Format Version 12.00
# Visual Studio Version 17
VisualStudioVersion = 17.0.31903.59
MinimumVisualStudioVersion = 10.0.40219.1
Project("{FAE04EC0-301F-11D3-BF4B-00C04F79EFBC}") = "TurboMqtt", "src\TurboMqtt\TurboMqtt.csproj", "{BE905781-3D96-44F5-A230-E06FD5213C1C}"
EndProject
Project("{FAE04EC0-301F-11D3-BF4B-00C04F79EFBC}") = "TurboMqtt.Tests", "tests\TurboMqtt.Tests\TurboMqtt.Tests.csproj", "{8090B5F4-3C72-451E-8EC1-F73F8296A765}"
EndProject
Project("{2150E333-8FDC-42A3-9474-1A3956D46DE8}") = "build", "build", "{B3AABB6F-ACB0-4CFB-A17B-6B2189369139}"
	ProjectSection(SolutionItems) = preProject
		Directory.Build.props = Directory.Build.props
		Directory.Packages.props = Directory.Packages.props
		global.json = global.json
		nuget.config = nuget.config
		README.md = README.md
	EndProjectSection
EndProject
Project("{FAE04EC0-301F-11D3-BF4B-00C04F79EFBC}") = "TurboMqtt.Benchmarks", "benchmarks\TurboMqtt.Benchmarks\TurboMqtt.Benchmarks.csproj", "{7F0DD423-98D0-4BB0-B9AA-1EA9D42901F0}"
EndProject
Project("{2150E333-8FDC-42A3-9474-1A3956D46DE8}") = "samples", "samples", "{294A1BA9-C55D-4F08-8EEF-BC6B467892CB}"
EndProject
Project("{FAE04EC0-301F-11D3-BF4B-00C04F79EFBC}") = "TurboMqtt.Samples.DevNullConsumer", "samples\TurboMqtt.Samples.DevNullConsumer\TurboMqtt.Samples.DevNullConsumer.csproj", "{AF733B60-8A45-42FC-8E80-B4EE432EE0AD}"
EndProject
Project("{FAE04EC0-301F-11D3-BF4B-00C04F79EFBC}") = "TurboMqtt.Samples.BackpressureProducer", "samples\TurboMqtt.Samples.BackpressureProducer\TurboMqtt.Samples.BackpressureProducer.csproj", "{B3A2A6E9-DF52-4CFA-8F53-C9878525C2E0}"
EndProject
Project("{FAE04EC0-301F-11D3-BF4B-00C04F79EFBC}") = "TurboMqtt.Container.Tests", "tests\TurboMqtt.Container.Tests\TurboMqtt.Container.Tests.csproj", "{CEE1640B-1C76-4683-BA14-C970B19E17E2}"
EndProject
Project("{FAE04EC0-301F-11D3-BF4B-00C04F79EFBC}") = "TestContainers.TurboMqtt", "tests\TestContainers.TurboMqtt\TestContainers.TurboMqtt.csproj", "{CC7C2D64-7C40-4676-A32A-0F2ECDE99BDF}"
Project("{FAE04EC0-301F-11D3-BF4B-00C04F79EFBC}") = "TurboMqtt.AotCompatibility.TestApp", "tests\TurboMqtt.AotCompatibility.TestApp\TurboMqtt.AotCompatibility.TestApp.csproj", "{B2FBA3C2-00D7-4ACA-982C-BA9BF9E3F6FD}"
EndProject
Global
	GlobalSection(SolutionConfigurationPlatforms) = preSolution
		Debug|Any CPU = Debug|Any CPU
		Release|Any CPU = Release|Any CPU
	EndGlobalSection
	GlobalSection(SolutionProperties) = preSolution
		HideSolutionNode = FALSE
	EndGlobalSection
	GlobalSection(ProjectConfigurationPlatforms) = postSolution
		{BE905781-3D96-44F5-A230-E06FD5213C1C}.Debug|Any CPU.ActiveCfg = Debug|Any CPU
		{BE905781-3D96-44F5-A230-E06FD5213C1C}.Debug|Any CPU.Build.0 = Debug|Any CPU
		{BE905781-3D96-44F5-A230-E06FD5213C1C}.Release|Any CPU.ActiveCfg = Release|Any CPU
		{BE905781-3D96-44F5-A230-E06FD5213C1C}.Release|Any CPU.Build.0 = Release|Any CPU
		{8090B5F4-3C72-451E-8EC1-F73F8296A765}.Debug|Any CPU.ActiveCfg = Debug|Any CPU
		{8090B5F4-3C72-451E-8EC1-F73F8296A765}.Debug|Any CPU.Build.0 = Debug|Any CPU
		{8090B5F4-3C72-451E-8EC1-F73F8296A765}.Release|Any CPU.ActiveCfg = Release|Any CPU
		{8090B5F4-3C72-451E-8EC1-F73F8296A765}.Release|Any CPU.Build.0 = Release|Any CPU
		{7F0DD423-98D0-4BB0-B9AA-1EA9D42901F0}.Debug|Any CPU.ActiveCfg = Debug|Any CPU
		{7F0DD423-98D0-4BB0-B9AA-1EA9D42901F0}.Debug|Any CPU.Build.0 = Debug|Any CPU
		{7F0DD423-98D0-4BB0-B9AA-1EA9D42901F0}.Release|Any CPU.ActiveCfg = Release|Any CPU
		{7F0DD423-98D0-4BB0-B9AA-1EA9D42901F0}.Release|Any CPU.Build.0 = Release|Any CPU
		{AF733B60-8A45-42FC-8E80-B4EE432EE0AD}.Debug|Any CPU.ActiveCfg = Debug|Any CPU
		{AF733B60-8A45-42FC-8E80-B4EE432EE0AD}.Debug|Any CPU.Build.0 = Debug|Any CPU
		{AF733B60-8A45-42FC-8E80-B4EE432EE0AD}.Release|Any CPU.ActiveCfg = Release|Any CPU
		{AF733B60-8A45-42FC-8E80-B4EE432EE0AD}.Release|Any CPU.Build.0 = Release|Any CPU
		{B3A2A6E9-DF52-4CFA-8F53-C9878525C2E0}.Debug|Any CPU.ActiveCfg = Debug|Any CPU
		{B3A2A6E9-DF52-4CFA-8F53-C9878525C2E0}.Debug|Any CPU.Build.0 = Debug|Any CPU
		{B3A2A6E9-DF52-4CFA-8F53-C9878525C2E0}.Release|Any CPU.ActiveCfg = Release|Any CPU
		{B3A2A6E9-DF52-4CFA-8F53-C9878525C2E0}.Release|Any CPU.Build.0 = Release|Any CPU
		{CEE1640B-1C76-4683-BA14-C970B19E17E2}.Debug|Any CPU.ActiveCfg = Debug|Any CPU
		{CEE1640B-1C76-4683-BA14-C970B19E17E2}.Debug|Any CPU.Build.0 = Debug|Any CPU
		{CEE1640B-1C76-4683-BA14-C970B19E17E2}.Release|Any CPU.ActiveCfg = Release|Any CPU
		{CEE1640B-1C76-4683-BA14-C970B19E17E2}.Release|Any CPU.Build.0 = Release|Any CPU
		{CC7C2D64-7C40-4676-A32A-0F2ECDE99BDF}.Debug|Any CPU.ActiveCfg = Debug|Any CPU
		{CC7C2D64-7C40-4676-A32A-0F2ECDE99BDF}.Debug|Any CPU.Build.0 = Debug|Any CPU
		{CC7C2D64-7C40-4676-A32A-0F2ECDE99BDF}.Release|Any CPU.ActiveCfg = Release|Any CPU
		{CC7C2D64-7C40-4676-A32A-0F2ECDE99BDF}.Release|Any CPU.Build.0 = Release|Any CPU
		{B2FBA3C2-00D7-4ACA-982C-BA9BF9E3F6FD}.Debug|Any CPU.ActiveCfg = Debug|Any CPU
		{B2FBA3C2-00D7-4ACA-982C-BA9BF9E3F6FD}.Debug|Any CPU.Build.0 = Debug|Any CPU
		{B2FBA3C2-00D7-4ACA-982C-BA9BF9E3F6FD}.Release|Any CPU.ActiveCfg = Release|Any CPU
		{B2FBA3C2-00D7-4ACA-982C-BA9BF9E3F6FD}.Release|Any CPU.Build.0 = Release|Any CPU
	EndGlobalSection
	GlobalSection(NestedProjects) = preSolution
		{AF733B60-8A45-42FC-8E80-B4EE432EE0AD} = {294A1BA9-C55D-4F08-8EEF-BC6B467892CB}
		{B3A2A6E9-DF52-4CFA-8F53-C9878525C2E0} = {294A1BA9-C55D-4F08-8EEF-BC6B467892CB}
	EndGlobalSection
EndGlobal
